
Microsoft Visual Studio Solution File, Format Version 12.00
# Visual Studio 2012
Project("{FAE04EC0-301F-11D3-BF4B-00C04F79EFBC}") = "Foro USM Cartas Magic", "Foro USM Cartas Magic\Foro USM Cartas Magic.csproj", "{29CC7E8D-8779-4483-B0A5-FFD997D5DBBF}"
EndProject
Global
	GlobalSection(SolutionConfigurationPlatforms) = preSolution
		Debug|Any CPU = Debug|Any CPU
		Release|Any CPU = Release|Any CPU
	EndGlobalSection
	GlobalSection(ProjectConfigurationPlatforms) = postSolution
		{29CC7E8D-8779-4483-B0A5-FFD997D5DBBF}.Debug|Any CPU.ActiveCfg = Debug|Any CPU
		{29CC7E8D-8779-4483-B0A5-FFD997D5DBBF}.Debug|Any CPU.Build.0 = Debug|Any CPU
		{29CC7E8D-8779-4483-B0A5-FFD997D5DBBF}.Release|Any CPU.ActiveCfg = Release|Any CPU
		{29CC7E8D-8779-4483-B0A5-FFD997D5DBBF}.Release|Any CPU.Build.0 = Release|Any CPU
	EndGlobalSection
	GlobalSection(SolutionProperties) = preSolution
		HideSolutionNode = FALSE
	EndGlobalSection
EndGlobal
